
Microsoft Visual Studio Solution File, Format Version 12.00
# Visual Studio Version 16
VisualStudioVersion = 16.0.30804.86
MinimumVisualStudioVersion = 10.0.40219.1
Project("{9A19103F-16F7-4668-BE54-9A1E7A4F7556}") = "JVermeulen.App", "JVermeulen.App\JVermeulen.App.csproj", "{E784E9E7-8341-4023-B557-5CE818B2559C}"
EndProject
Project("{9A19103F-16F7-4668-BE54-9A1E7A4F7556}") = "JVermeulen.Tester", "JVermeulen.Tester\JVermeulen.Tester.csproj", "{FE77D5AF-B5A9-47A7-9DDF-A078C7B04B13}"
EndProject
Project("{9A19103F-16F7-4668-BE54-9A1E7A4F7556}") = "JVermeulen.Processing", "JVermeulen.Processing\JVermeulen.Processing.csproj", "{543440DE-EACC-415F-A101-FB3E4D92F074}"
EndProject
Project("{9A19103F-16F7-4668-BE54-9A1E7A4F7556}") = "JVermeulen.TCP", "JVermeulen.TCP\JVermeulen.TCP.csproj", "{DC94F24D-1980-4C2B-B886-E15DB3F50EA9}"
EndProject
Project("{9A19103F-16F7-4668-BE54-9A1E7A4F7556}") = "JVermeulen.App.Tests", "JVermeulen.App.Tests\JVermeulen.App.Tests.csproj", "{29DD8834-AF66-4D16-8A2D-A3E561C8D104}"
EndProject
Project("{9A19103F-16F7-4668-BE54-9A1E7A4F7556}") = "JVermeulen.TCP.Tester", "JVermeulen.TCP.Tester\JVermeulen.TCP.Tester.csproj", "{58F4970A-3AAD-478C-8E17-CDBDD89330F1}"
EndProject
Project("{9A19103F-16F7-4668-BE54-9A1E7A4F7556}") = "JVermeulen.MQTT", "JVermeulen.MQTT\JVermeulen.MQTT.csproj", "{53FFE2E3-3A7D-4A3E-9C28-63C6ACEDDF4B}"
EndProject
Project("{9A19103F-16F7-4668-BE54-9A1E7A4F7556}") = "JVermeulen.App.Windows", "JVermeulen.App.Windows\JVermeulen.App.Windows.csproj", "{93194F15-4274-4887-9EB8-875F8AD2BFB3}"
EndProject
Project("{9A19103F-16F7-4668-BE54-9A1E7A4F7556}") = "JVermeulen.Web", "JVermeulen.Web\JVermeulen.Web.csproj", "{B9164037-31C8-466B-B360-3E3665075A99}"
EndProject
Project("{FAE04EC0-301F-11D3-BF4B-00C04F79EFBC}") = "JVermeulen.WebSockets", "JVermeulen.WebSockets\JVermeulen.WebSockets.csproj", "{D5F8FA3D-A39F-49C2-81A5-CD857C3DA034}"
EndProject
Global
	GlobalSection(SolutionConfigurationPlatforms) = preSolution
		Debug|Any CPU = Debug|Any CPU
		Release|Any CPU = Release|Any CPU
	EndGlobalSection
	GlobalSection(ProjectConfigurationPlatforms) = postSolution
		{E784E9E7-8341-4023-B557-5CE818B2559C}.Debug|Any CPU.ActiveCfg = Debug|Any CPU
		{E784E9E7-8341-4023-B557-5CE818B2559C}.Debug|Any CPU.Build.0 = Debug|Any CPU
		{E784E9E7-8341-4023-B557-5CE818B2559C}.Release|Any CPU.ActiveCfg = Release|Any CPU
		{E784E9E7-8341-4023-B557-5CE818B2559C}.Release|Any CPU.Build.0 = Release|Any CPU
		{FE77D5AF-B5A9-47A7-9DDF-A078C7B04B13}.Debug|Any CPU.ActiveCfg = Debug|Any CPU
		{FE77D5AF-B5A9-47A7-9DDF-A078C7B04B13}.Debug|Any CPU.Build.0 = Debug|Any CPU
		{FE77D5AF-B5A9-47A7-9DDF-A078C7B04B13}.Release|Any CPU.ActiveCfg = Release|Any CPU
		{FE77D5AF-B5A9-47A7-9DDF-A078C7B04B13}.Release|Any CPU.Build.0 = Release|Any CPU
		{543440DE-EACC-415F-A101-FB3E4D92F074}.Debug|Any CPU.ActiveCfg = Debug|Any CPU
		{543440DE-EACC-415F-A101-FB3E4D92F074}.Debug|Any CPU.Build.0 = Debug|Any CPU
		{543440DE-EACC-415F-A101-FB3E4D92F074}.Release|Any CPU.ActiveCfg = Release|Any CPU
		{543440DE-EACC-415F-A101-FB3E4D92F074}.Release|Any CPU.Build.0 = Release|Any CPU
		{DC94F24D-1980-4C2B-B886-E15DB3F50EA9}.Debug|Any CPU.ActiveCfg = Debug|Any CPU
		{DC94F24D-1980-4C2B-B886-E15DB3F50EA9}.Debug|Any CPU.Build.0 = Debug|Any CPU
		{DC94F24D-1980-4C2B-B886-E15DB3F50EA9}.Release|Any CPU.ActiveCfg = Release|Any CPU
		{DC94F24D-1980-4C2B-B886-E15DB3F50EA9}.Release|Any CPU.Build.0 = Release|Any CPU
		{29DD8834-AF66-4D16-8A2D-A3E561C8D104}.Debug|Any CPU.ActiveCfg = Debug|Any CPU
		{29DD8834-AF66-4D16-8A2D-A3E561C8D104}.Debug|Any CPU.Build.0 = Debug|Any CPU
		{29DD8834-AF66-4D16-8A2D-A3E561C8D104}.Release|Any CPU.ActiveCfg = Release|Any CPU
		{29DD8834-AF66-4D16-8A2D-A3E561C8D104}.Release|Any CPU.Build.0 = Release|Any CPU
		{58F4970A-3AAD-478C-8E17-CDBDD89330F1}.Debug|Any CPU.ActiveCfg = Debug|Any CPU
		{58F4970A-3AAD-478C-8E17-CDBDD89330F1}.Debug|Any CPU.Build.0 = Debug|Any CPU
		{58F4970A-3AAD-478C-8E17-CDBDD89330F1}.Release|Any CPU.ActiveCfg = Release|Any CPU
		{58F4970A-3AAD-478C-8E17-CDBDD89330F1}.Release|Any CPU.Build.0 = Release|Any CPU
		{53FFE2E3-3A7D-4A3E-9C28-63C6ACEDDF4B}.Debug|Any CPU.ActiveCfg = Debug|Any CPU
		{53FFE2E3-3A7D-4A3E-9C28-63C6ACEDDF4B}.Debug|Any CPU.Build.0 = Debug|Any CPU
		{53FFE2E3-3A7D-4A3E-9C28-63C6ACEDDF4B}.Release|Any CPU.ActiveCfg = Release|Any CPU
		{53FFE2E3-3A7D-4A3E-9C28-63C6ACEDDF4B}.Release|Any CPU.Build.0 = Release|Any CPU
		{93194F15-4274-4887-9EB8-875F8AD2BFB3}.Debug|Any CPU.ActiveCfg = Debug|Any CPU
		{93194F15-4274-4887-9EB8-875F8AD2BFB3}.Debug|Any CPU.Build.0 = Debug|Any CPU
		{93194F15-4274-4887-9EB8-875F8AD2BFB3}.Release|Any CPU.ActiveCfg = Release|Any CPU
		{93194F15-4274-4887-9EB8-875F8AD2BFB3}.Release|Any CPU.Build.0 = Release|Any CPU
		{B9164037-31C8-466B-B360-3E3665075A99}.Debug|Any CPU.ActiveCfg = Debug|Any CPU
		{B9164037-31C8-466B-B360-3E3665075A99}.Debug|Any CPU.Build.0 = Debug|Any CPU
		{B9164037-31C8-466B-B360-3E3665075A99}.Release|Any CPU.ActiveCfg = Release|Any CPU
		{B9164037-31C8-466B-B360-3E3665075A99}.Release|Any CPU.Build.0 = Release|Any CPU
		{D5F8FA3D-A39F-49C2-81A5-CD857C3DA034}.Debug|Any CPU.ActiveCfg = Debug|Any CPU
		{D5F8FA3D-A39F-49C2-81A5-CD857C3DA034}.Debug|Any CPU.Build.0 = Debug|Any CPU
		{D5F8FA3D-A39F-49C2-81A5-CD857C3DA034}.Release|Any CPU.ActiveCfg = Release|Any CPU
		{D5F8FA3D-A39F-49C2-81A5-CD857C3DA034}.Release|Any CPU.Build.0 = Release|Any CPU
	EndGlobalSection
	GlobalSection(SolutionProperties) = preSolution
		HideSolutionNode = FALSE
	EndGlobalSection
	GlobalSection(ExtensibilityGlobals) = postSolution
		SolutionGuid = {030E634E-FD1B-40D7-B4F6-73683DB42463}
	EndGlobalSection
EndGlobal
